
Microsoft Visual Studio Solution File, Format Version 12.00
# Visual Studio Version 16
VisualStudioVersion = 16.0.30204.135
MinimumVisualStudioVersion = 10.0.40219.1
Project("{9A19103F-16F7-4668-BE54-9A1E7A4F7556}") = "netcore.cleanarch", "netcore.cleanarch.csproj", "{9B1FDA69-697B-402D-836A-620C31F9F7EF}"
EndProject
Global
	GlobalSection(SolutionConfigurationPlatforms) = preSolution
		Debug|Any CPU = Debug|Any CPU
		Release|Any CPU = Release|Any CPU
	EndGlobalSection
	GlobalSection(ProjectConfigurationPlatforms) = postSolution
		{9B1FDA69-697B-402D-836A-620C31F9F7EF}.Debug|Any CPU.ActiveCfg = Debug|Any CPU
		{9B1FDA69-697B-402D-836A-620C31F9F7EF}.Debug|Any CPU.Build.0 = Debug|Any CPU
		{9B1FDA69-697B-402D-836A-620C31F9F7EF}.Release|Any CPU.ActiveCfg = Release|Any CPU
		{9B1FDA69-697B-402D-836A-620C31F9F7EF}.Release|Any CPU.Build.0 = Release|Any CPU
	EndGlobalSection
	GlobalSection(SolutionProperties) = preSolution
		HideSolutionNode = FALSE
	EndGlobalSection
	GlobalSection(ExtensibilityGlobals) = postSolution
		SolutionGuid = {501C6820-B088-4F97-A26A-FDB0F2C90255}
	EndGlobalSection
EndGlobal
